# This file is automatically @generated by uv and should not be edited manually.
# See https://github.com/astral-sh/uv for more information.

[[package]]
name = "altair"
version = "5.2.0"
dependencies = [
    "jinja2>=2.11.1",
    "jsonschema>=3.0",
    "numpy>=1.20",
    "packaging",
    "pandas>=0.25",
    "toolz",
    "typing-extensions>=4.0.1",
]

[[package]]
name = "attrs"
version = "23.2.0"

[[package]]
name = "blinker"
version = "1.7.0"

[[package]]
name = "cachetools"
version = "5.3.3"

[[package]]
name = "certifi"
version = "2024.2.2"

[[package]]
name = "charset-normalizer"
version = "3.3.2"

[[package]]
name = "click"
version = "8.1.7"
dependencies = [
    "colorama; platform_system == \"Windows\"",
]

[[package]]
name = "colorama"
version = "0.4.6"

[[package]]
name = "filelock"
version = "3.13.1"

[[package]]
name = "fsspec"
version = "2024.2.0"

[[package]]
name = "gitdb"
version = "4.0.11"
dependencies = [
    "smmap>=3.0.1,<6",
]

[[package]]
name = "gitpython"
version = "3.1.41"
dependencies = [
    "gitdb>=4.0.1,<5",
]

[[package]]
name = "huggingface-hub"
version = "0.20.3"
dependencies = [
    "filelock",
    "fsspec>=2023.5.0",
    "packaging>=20.9",
    "pyyaml>=5.1",
    "requests",
    "tqdm>=4.42.1",
    "typing-extensions>=3.7.4.3",
]

[[package]]
name = "idna"
version = "3.6"

[[package]]
name = "importlib-metadata"
version = "6.11.0"
dependencies = [
    "zipp>=0.5",
]

[[package]]
name = "indic-transliteration"
version = "2.3.44"
dependencies = [
    "regex",
    "sanskrit-data>=0.1.0",
]

[[package]]
name = "jinja2"
version = "3.1.3"
dependencies = [
    "markupsafe>=2.0",
]

[[package]]
name = "jsonschema"
version = "4.21.1"
dependencies = [
    "attrs>=22.2.0",
    "jsonschema-specifications>=2023.03.6",
    "referencing>=0.28.4",
    "rpds-py>=0.7.1",
]

[[package]]
name = "jsonschema-specifications"
version = "2023.12.1"
dependencies = [
    "referencing>=0.31.0",
]

[[package]]
name = "markdown-it-py"
version = "3.0.0"
dependencies = [
    "mdurl~=0.1",
]

[[package]]
name = "markupsafe"
version = "2.1.5"

[[package]]
name = "mdurl"
version = "0.1.2"

[[package]]
name = "mpmath"
version = "1.3.0"

[[package]]
name = "networkx"
version = "3.2.1"

[[package]]
name = "numpy"
version = "1.24.4"

[[package]]
name = "packaging"
version = "23.2"

[[package]]
name = "pandas"
version = "2.0.3"
dependencies = [
    "numpy>=1.20.3",
    "python-dateutil>=2.8.2",
    "pytz>=2020.1",
    "tzdata>=2022.1",
]

[[package]]
name = "pillow"
version = "10.2.0"

[[package]]
name = "protobuf"
version = "4.25.3"

[[package]]
name = "pyarrow"
version = "14.0.2"
dependencies = [
    "numpy>=1.16.6",
]

[[package]]
name = "pydeck"
version = "0.8.1b0"
dependencies = [
    "jinja2>=2.10.1",
    "numpy>=1.16.4",
]

[[package]]
name = "pygments"
version = "2.17.2"

[[package]]
name = "python-dateutil"
version = "2.8.2"
dependencies = [
    "six>=1.5",
]

[[package]]
name = "pytz"
version = "2024.1"

[[package]]
name = "pyyaml"
version = "6.0.1"

[[package]]
name = "referencing"
version = "0.33.0"
dependencies = [
    "attrs>=22.2.0",
    "rpds-py>=0.7.1",
]

[[package]]
name = "regex"
version = "2023.12.25"

[[package]]
name = "requests"
version = "2.31.0"
dependencies = [
    "certifi>=2017.4.17",
    "charset-normalizer<4,>=2",
    "idna<4,>=2.5",
    "urllib3<3,>=1.21.1",
]

[[package]]
name = "rich"
version = "13.7.1"
dependencies = [
    "markdown-it-py>=2.2.0",
    "pygments>=2.13.0",
]

[[package]]
name = "rpds-py"
version = "0.18.0"

[[package]]
name = "safetensors"
version = "0.4.2"
dependencies = [
    "numpy>=1.21.0",
]

[[package]]
name = "sanskrit-data"
version = "0.1.0"

[[package]]
name = "six"
version = "1.16.0"

[[package]]
name = "smmap"
version = "5.0.1"

[[package]]
name = "streamlit"
version = "1.32.0"
dependencies = [
    "altair>=4.0,<6.0",
    "blinker>=1.0.0",
    "cachetools>=4.0",
    "click>=7.0",
    "gitpython>=3.0.7",
    "importlib-metadata>=1.4",
    "numpy>=1.19.3",
    "packaging>=16.8",
    "pandas>=1.3.0",
    "pillow>=7.1.0",
    "protobuf>=3.20,<5",
    "pyarrow>=6.0",
    "pydeck>=0.8.0b4",
    "python-dateutil",
    "requests>=2.27",
    "rich>=10.14.0",
    "tenacity>=8.1.0",
    "toml>=0.10.1",
    "tornado>=6.0.3",
    "typing-extensions>=4.1.0",
    "tzlocal>=1.1",
    "validators>=0.2",
    "watchdog",
]

[[package]]
name = "sympy"
version = "1.12"
dependencies = [
    "mpmath>=0.19",
]

[[package]]
name = "tenacity"
version = "8.2.3"

[[package]]
name = "toml"
version = "0.10.2"

[[package]]
name = "toolz"
version = "0.12.1"

[[package]]
name = "torch"
version = "2.1.2"
dependencies = [
    "filelock",
    "fsspec",
    "jinja2",
    "networkx",
    "sympy",
    "typing-extensions",
]

[[package]]
name = "tornado"
version = "6.4"

[[package]]
name = "tqdm"
version = "4.66.2"

[[package]]
name = "transformers"
version = "4.36.2"
dependencies = [
    "filelock",
    "huggingface-hub>=0.19.3,<1.0",
    "numpy>=1.17",
    "packaging>=20.0",
    "pyyaml>=5.1",
    "regex!=2019.12.17",
    "requests",
    "safetensors>=0.3.1",
    "tokenizers<0.19,>=0.14",
    "tqdm>=4.27",
]

[[package]]
name = "typing-extensions"
version = "4.9.0"

[[package]]
name = "tzdata"
version = "2024.1"

[[package]]
name = "tzlocal"
version = "5.2"
dependencies = [
    "tzdata",
]

[[package]]
name = "urllib3"
version = "2.2.1"

[[package]]
name = "validators"
version = "0.22.0"

[[package]]
name = "watchdog"
version = "3.0.0"

[[package]]
name = "zipp"
version = "3.17.0"